
Microsoft Visual Studio Solution File, Format Version 12.00
# Visual Studio Version 16
VisualStudioVersion = 16.0.30011.22
MinimumVisualStudioVersion = 10.0.40219.1
Project("{9A19103F-16F7-4668-BE54-9A1E7A4F7556}") = "PoTTr.Backend.Google", "PoTTr.Backend.Google\PoTTr.Backend.Google.csproj", "{D229DC4B-4543-4A79-8867-A82B417E8803}"
EndProject
Project("{2150E333-8FDC-42A3-9474-1A3956D46DE8}") = "Solution Items", "Solution Items", "{FC23AEBC-0993-4438-9F27-73D4367ED412}"
	ProjectSection(SolutionItems) = preProject
		.editorconfig = .editorconfig
		License.md = License.md
		Readme.md = Readme.md
	EndProjectSection
EndProject
Project("{9A19103F-16F7-4668-BE54-9A1E7A4F7556}") = "PoTTr.Format.PoTTr", "PoTTr.Format.PoTTr\PoTTr.Format.PoTTr.csproj", "{EA904CA7-2E92-47DE-B3A0-94657EAAC693}"
EndProject
Project("{9A19103F-16F7-4668-BE54-9A1E7A4F7556}") = "PoTTr.Tests", "PoTTR.Tests\PoTTr.Tests.csproj", "{B2AB484C-73A0-43BC-8C4E-0FCC95C08953}"
EndProject
Project("{9A19103F-16F7-4668-BE54-9A1E7A4F7556}") = "PoTTr.GUI.WPF", "PoTTr.GUI.WPF\PoTTr.GUI.WPF.csproj", "{E7CC3DBC-6172-4FB7-95E5-15173E563BA2}"
EndProject
Project("{FAE04EC0-301F-11D3-BF4B-00C04F79EFBC}") = "PoTTr.Console.Backend", "PoTTr.Console.Backend\PoTTr.Console.Backend.csproj", "{B56CCB76-5A1B-42A0-BB1D-C76CAA244E07}"
EndProject
Project("{FAE04EC0-301F-11D3-BF4B-00C04F79EFBC}") = "PoTTr.Backend.Interfaces", "PoTTr.Backend.Interfaces\PoTTr.Backend.Interfaces.csproj", "{69193275-491C-4F24-A33E-489241D3B42C}"
EndProject
Global
	GlobalSection(SolutionConfigurationPlatforms) = preSolution
		Debug|Any CPU = Debug|Any CPU
		Release|Any CPU = Release|Any CPU
	EndGlobalSection
	GlobalSection(ProjectConfigurationPlatforms) = postSolution
		{D229DC4B-4543-4A79-8867-A82B417E8803}.Debug|Any CPU.ActiveCfg = Debug|Any CPU
		{D229DC4B-4543-4A79-8867-A82B417E8803}.Debug|Any CPU.Build.0 = Debug|Any CPU
		{D229DC4B-4543-4A79-8867-A82B417E8803}.Release|Any CPU.ActiveCfg = Release|Any CPU
		{D229DC4B-4543-4A79-8867-A82B417E8803}.Release|Any CPU.Build.0 = Release|Any CPU
		{EA904CA7-2E92-47DE-B3A0-94657EAAC693}.Debug|Any CPU.ActiveCfg = Debug|Any CPU
		{EA904CA7-2E92-47DE-B3A0-94657EAAC693}.Debug|Any CPU.Build.0 = Debug|Any CPU
		{EA904CA7-2E92-47DE-B3A0-94657EAAC693}.Release|Any CPU.ActiveCfg = Release|Any CPU
		{EA904CA7-2E92-47DE-B3A0-94657EAAC693}.Release|Any CPU.Build.0 = Release|Any CPU
		{B2AB484C-73A0-43BC-8C4E-0FCC95C08953}.Debug|Any CPU.ActiveCfg = Debug|Any CPU
		{B2AB484C-73A0-43BC-8C4E-0FCC95C08953}.Debug|Any CPU.Build.0 = Debug|Any CPU
		{B2AB484C-73A0-43BC-8C4E-0FCC95C08953}.Release|Any CPU.ActiveCfg = Release|Any CPU
		{B2AB484C-73A0-43BC-8C4E-0FCC95C08953}.Release|Any CPU.Build.0 = Release|Any CPU
		{E7CC3DBC-6172-4FB7-95E5-15173E563BA2}.Debug|Any CPU.ActiveCfg = Debug|Any CPU
		{E7CC3DBC-6172-4FB7-95E5-15173E563BA2}.Debug|Any CPU.Build.0 = Debug|Any CPU
		{E7CC3DBC-6172-4FB7-95E5-15173E563BA2}.Release|Any CPU.ActiveCfg = Release|Any CPU
		{E7CC3DBC-6172-4FB7-95E5-15173E563BA2}.Release|Any CPU.Build.0 = Release|Any CPU
		{B56CCB76-5A1B-42A0-BB1D-C76CAA244E07}.Debug|Any CPU.ActiveCfg = Debug|Any CPU
		{B56CCB76-5A1B-42A0-BB1D-C76CAA244E07}.Debug|Any CPU.Build.0 = Debug|Any CPU
		{B56CCB76-5A1B-42A0-BB1D-C76CAA244E07}.Release|Any CPU.ActiveCfg = Release|Any CPU
		{B56CCB76-5A1B-42A0-BB1D-C76CAA244E07}.Release|Any CPU.Build.0 = Release|Any CPU
		{69193275-491C-4F24-A33E-489241D3B42C}.Debug|Any CPU.ActiveCfg = Debug|Any CPU
		{69193275-491C-4F24-A33E-489241D3B42C}.Debug|Any CPU.Build.0 = Debug|Any CPU
		{69193275-491C-4F24-A33E-489241D3B42C}.Release|Any CPU.ActiveCfg = Release|Any CPU
		{69193275-491C-4F24-A33E-489241D3B42C}.Release|Any CPU.Build.0 = Release|Any CPU
	EndGlobalSection
	GlobalSection(SolutionProperties) = preSolution
		HideSolutionNode = FALSE
	EndGlobalSection
	GlobalSection(ExtensibilityGlobals) = postSolution
		SolutionGuid = {A6171AFA-4BF7-4F94-B7EE-C3D39118CE21}
	EndGlobalSection
EndGlobal
